
Microsoft Visual Studio Solution File, Format Version 12.00
Project("{FAE04EC0-301F-11D3-BF4B-00C04F79EFBC}") = "SupportChatbot.Core", "SupportChatbot.Core\SupportChatbot.Core.csproj", "{CFD06BC7-1187-40D9-B1E7-989D464941E6}"
EndProject
Project("{FAE04EC0-301F-11D3-BF4B-00C04F79EFBC}") = "SupportChatbot.Infrastructure", "SupportChatbot.Infrastructure\SupportChatbot.Infrastructure.csproj", "{D6A242C5-7464-4283-B082-EA8DD03A0DEE}"
EndProject
Project("{FAE04EC0-301F-11D3-BF4B-00C04F79EFBC}") = "SupportChatbot.API", "SupportChatbot.API\SupportChatbot.API.csproj", "{865682DD-EDA8-4319-BEEE-9B8CD9A3BD59}"
EndProject
Project("{FAE04EC0-301F-11D3-BF4B-00C04F79EFBC}") = "SupportChatbot.Tests", "SupportChatbot.Tests\SupportChatbot.Tests.csproj", "{5862D8D5-274B-4011-AFE0-8D21FC62A2D9}"
EndProject
Global
	GlobalSection(SolutionConfigurationPlatforms) = preSolution
		Debug|Any CPU = Debug|Any CPU
		Debug|x64 = Debug|x64
		Debug|x86 = Debug|x86
		Release|Any CPU = Release|Any CPU
		Release|x64 = Release|x64
		Release|x86 = Release|x86
	EndGlobalSection
	GlobalSection(ProjectConfigurationPlatforms) = postSolution
		{CFD06BC7-1187-40D9-B1E7-989D464941E6}.Debug|Any CPU.ActiveCfg = Debug|Any CPU
		{CFD06BC7-1187-40D9-B1E7-989D464941E6}.Debug|Any CPU.Build.0 = Debug|Any CPU
		{CFD06BC7-1187-40D9-B1E7-989D464941E6}.Debug|x64.ActiveCfg = Debug|Any CPU
		{CFD06BC7-1187-40D9-B1E7-989D464941E6}.Debug|x64.Build.0 = Debug|Any CPU
		{CFD06BC7-1187-40D9-B1E7-989D464941E6}.Debug|x86.ActiveCfg = Debug|Any CPU
		{CFD06BC7-1187-40D9-B1E7-989D464941E6}.Debug|x86.Build.0 = Debug|Any CPU
		{CFD06BC7-1187-40D9-B1E7-989D464941E6}.Release|Any CPU.ActiveCfg = Release|Any CPU
		{CFD06BC7-1187-40D9-B1E7-989D464941E6}.Release|Any CPU.Build.0 = Release|Any CPU
		{CFD06BC7-1187-40D9-B1E7-989D464941E6}.Release|x64.ActiveCfg = Release|Any CPU
		{CFD06BC7-1187-40D9-B1E7-989D464941E6}.Release|x64.Build.0 = Release|Any CPU
		{CFD06BC7-1187-40D9-B1E7-989D464941E6}.Release|x86.ActiveCfg = Release|Any CPU
		{CFD06BC7-1187-40D9-B1E7-989D464941E6}.Release|x86.Build.0 = Release|Any CPU
		{D6A242C5-7464-4283-B082-EA8DD03A0DEE}.Debug|Any CPU.ActiveCfg = Debug|Any CPU
		{D6A242C5-7464-4283-B082-EA8DD03A0DEE}.Debug|Any CPU.Build.0 = Debug|Any CPU
		{D6A242C5-7464-4283-B082-EA8DD03A0DEE}.Debug|x64.ActiveCfg = Debug|Any CPU
		{D6A242C5-7464-4283-B082-EA8DD03A0DEE}.Debug|x64.Build.0 = Debug|Any CPU
		{D6A242C5-7464-4283-B082-EA8DD03A0DEE}.Debug|x86.ActiveCfg = Debug|Any CPU
		{D6A242C5-7464-4283-B082-EA8DD03A0DEE}.Debug|x86.Build.0 = Debug|Any CPU
		{D6A242C5-7464-4283-B082-EA8DD03A0DEE}.Release|Any CPU.ActiveCfg = Release|Any CPU
		{D6A242C5-7464-4283-B082-EA8DD03A0DEE}.Release|Any CPU.Build.0 = Release|Any CPU
		{D6A242C5-7464-4283-B082-EA8DD03A0DEE}.Release|x64.ActiveCfg = Release|Any CPU
		{D6A242C5-7464-4283-B082-EA8DD03A0DEE}.Release|x64.Build.0 = Release|Any CPU
		{D6A242C5-7464-4283-B082-EA8DD03A0DEE}.Release|x86.ActiveCfg = Release|Any CPU
		{D6A242C5-7464-4283-B082-EA8DD03A0DEE}.Release|x86.Build.0 = Release|Any CPU
		{865682DD-EDA8-4319-BEEE-9B8CD9A3BD59}.Debug|Any CPU.ActiveCfg = Debug|Any CPU
		{865682DD-EDA8-4319-BEEE-9B8CD9A3BD59}.Debug|Any CPU.Build.0 = Debug|Any CPU
		{865682DD-EDA8-4319-BEEE-9B8CD9A3BD59}.Debug|x64.ActiveCfg = Debug|Any CPU
		{865682DD-EDA8-4319-BEEE-9B8CD9A3BD59}.Debug|x64.Build.0 = Debug|Any CPU
		{865682DD-EDA8-4319-BEEE-9B8CD9A3BD59}.Debug|x86.ActiveCfg = Debug|Any CPU
		{865682DD-EDA8-4319-BEEE-9B8CD9A3BD59}.Debug|x86.Build.0 = Debug|Any CPU
		{865682DD-EDA8-4319-BEEE-9B8CD9A3BD59}.Release|Any CPU.ActiveCfg = Release|Any CPU
		{865682DD-EDA8-4319-BEEE-9B8CD9A3BD59}.Release|Any CPU.Build.0 = Release|Any CPU
		{865682DD-EDA8-4319-BEEE-9B8CD9A3BD59}.Release|x64.ActiveCfg = Release|Any CPU
		{865682DD-EDA8-4319-BEEE-9B8CD9A3BD59}.Release|x64.Build.0 = Release|Any CPU
		{865682DD-EDA8-4319-BEEE-9B8CD9A3BD59}.Release|x86.ActiveCfg = Release|Any CPU
		{865682DD-EDA8-4319-BEEE-9B8CD9A3BD59}.Release|x86.Build.0 = Release|Any CPU
		{5862D8D5-274B-4011-AFE0-8D21FC62A2D9}.Debug|Any CPU.ActiveCfg = Debug|Any CPU
		{5862D8D5-274B-4011-AFE0-8D21FC62A2D9}.Debug|Any CPU.Build.0 = Debug|Any CPU
		{5862D8D5-274B-4011-AFE0-8D21FC62A2D9}.Debug|x64.ActiveCfg = Debug|Any CPU
		{5862D8D5-274B-4011-AFE0-8D21FC62A2D9}.Debug|x64.Build.0 = Debug|Any CPU
		{5862D8D5-274B-4011-AFE0-8D21FC62A2D9}.Debug|x86.ActiveCfg = Debug|Any CPU
		{5862D8D5-274B-4011-AFE0-8D21FC62A2D9}.Debug|x86.Build.0 = Debug|Any CPU
		{5862D8D5-274B-4011-AFE0-8D21FC62A2D9}.Release|Any CPU.ActiveCfg = Release|Any CPU
		{5862D8D5-274B-4011-AFE0-8D21FC62A2D9}.Release|Any CPU.Build.0 = Release|Any CPU
		{5862D8D5-274B-4011-AFE0-8D21FC62A2D9}.Release|x64.ActiveCfg = Release|Any CPU
		{5862D8D5-274B-4011-AFE0-8D21FC62A2D9}.Release|x64.Build.0 = Release|Any CPU
		{5862D8D5-274B-4011-AFE0-8D21FC62A2D9}.Release|x86.ActiveCfg = Release|Any CPU
		{5862D8D5-274B-4011-AFE0-8D21FC62A2D9}.Release|x86.Build.0 = Release|Any CPU
	EndGlobalSection
	GlobalSection(SolutionProperties) = preSolution
		HideSolutionNode = FALSE
	EndGlobalSection
EndGlobal
